
Microsoft Visual Studio Solution File, Format Version 12.00
# Visual Studio Version 17
VisualStudioVersion = 17.5.33530.505
MinimumVisualStudioVersion = 10.0.40219.1
Project("{FAE04EC0-301F-11D3-BF4B-00C04F79EFBC}") = "InventoryManagement", "InventoryManagement\InventoryManagement.csproj", "{4C9FC443-B498-442B-B791-118424AD5500}"
EndProject
Global
	GlobalSection(SolutionConfigurationPlatforms) = preSolution
		Debug|Any CPU = Debug|Any CPU
		Release|Any CPU = Release|Any CPU
	EndGlobalSection
	GlobalSection(ProjectConfigurationPlatforms) = postSolution
		{4C9FC443-B498-442B-B791-118424AD5500}.Debug|Any CPU.ActiveCfg = Debug|Any CPU
		{4C9FC443-B498-442B-B791-118424AD5500}.Debug|Any CPU.Build.0 = Debug|Any CPU
		{4C9FC443-B498-442B-B791-118424AD5500}.Release|Any CPU.ActiveCfg = Release|Any CPU
		{4C9FC443-B498-442B-B791-118424AD5500}.Release|Any CPU.Build.0 = Release|Any CPU
	EndGlobalSection
	GlobalSection(SolutionProperties) = preSolution
		HideSolutionNode = FALSE
	EndGlobalSection
	GlobalSection(ExtensibilityGlobals) = postSolution
		SolutionGuid = {F56D57C4-D1CA-447A-ABD0-003263C1BE46}
	EndGlobalSection
EndGlobal
